
Microsoft Visual Studio Solution File, Format Version 12.00
# Visual Studio Version 16
VisualStudioVersion = 16.0.28922.388
MinimumVisualStudioVersion = 10.0.40219.1
Project("{FAE04EC0-301F-11D3-BF4B-00C04F79EFBC}") = "WebApplication1", "WebApplication1\WebApplication1.csproj", "{B54AD0D5-24DC-4B16-B242-7E44E7A9A3CA}"
EndProject
Global
	GlobalSection(SolutionConfigurationPlatforms) = preSolution
		Debug|Any CPU = Debug|Any CPU
		Release|Any CPU = Release|Any CPU
	EndGlobalSection
	GlobalSection(ProjectConfigurationPlatforms) = postSolution
		{B54AD0D5-24DC-4B16-B242-7E44E7A9A3CA}.Debug|Any CPU.ActiveCfg = Debug|Any CPU
		{B54AD0D5-24DC-4B16-B242-7E44E7A9A3CA}.Debug|Any CPU.Build.0 = Debug|Any CPU
		{B54AD0D5-24DC-4B16-B242-7E44E7A9A3CA}.Release|Any CPU.ActiveCfg = Release|Any CPU
		{B54AD0D5-24DC-4B16-B242-7E44E7A9A3CA}.Release|Any CPU.Build.0 = Release|Any CPU
	EndGlobalSection
	GlobalSection(SolutionProperties) = preSolution
		HideSolutionNode = FALSE
	EndGlobalSection
	GlobalSection(ExtensibilityGlobals) = postSolution
		SolutionGuid = {AAC911BE-C587-4AE2-9D07-F57F508BC88B}
	EndGlobalSection
EndGlobal
